
Microsoft Visual Studio Solution File, Format Version 12.00
# Visual Studio Version 16
VisualStudioVersion = 16.0.31005.135
MinimumVisualStudioVersion = 10.0.40219.1
Project("{FAE04EC0-301F-11D3-BF4B-00C04F79EFBC}") = "Jaba1_1_1", "Jaba1_1_1.csproj", "{2D5B72C1-A429-49E9-A29B-C96DAEF82D44}"
EndProject
Global
	GlobalSection(SolutionConfigurationPlatforms) = preSolution
		Debug|Any CPU = Debug|Any CPU
		Release|Any CPU = Release|Any CPU
	EndGlobalSection
	GlobalSection(ProjectConfigurationPlatforms) = postSolution
		{2D5B72C1-A429-49E9-A29B-C96DAEF82D44}.Debug|Any CPU.ActiveCfg = Debug|Any CPU
		{2D5B72C1-A429-49E9-A29B-C96DAEF82D44}.Debug|Any CPU.Build.0 = Debug|Any CPU
		{2D5B72C1-A429-49E9-A29B-C96DAEF82D44}.Release|Any CPU.ActiveCfg = Release|Any CPU
		{2D5B72C1-A429-49E9-A29B-C96DAEF82D44}.Release|Any CPU.Build.0 = Release|Any CPU
	EndGlobalSection
	GlobalSection(SolutionProperties) = preSolution
		HideSolutionNode = FALSE
	EndGlobalSection
	GlobalSection(ExtensibilityGlobals) = postSolution
		SolutionGuid = {97D0B4BD-BD97-46F0-BA55-854653E69FB2}
	EndGlobalSection
EndGlobal
